PODS:
  - Hyphenate (3.5.1)
  - Masonry (1.1.0)

DEPENDENCIES:
  - Hyphenate
  - Masonry

SPEC REPOS:
  https://github.com/CocoaPods/Specs.git:
    - Hyphenate
    - Masonry

SPEC CHECKSUMS:
  Hyphenate: 02e3934f1bef0c25e6e5f46bd0940df740922957
  Masonry: 678fab65091a9290e40e2832a55e7ab731aad201

PODFILE CHECKSUM: 613ad87c14368065ecc6f75709169a7941c7f17e

COCOAPODS: 1.5.0
